
Microsoft Visual Studio Solution File, Format Version 12.00
# Visual Studio Version 17
VisualStudioVersion = 17.10.35122.118
MinimumVisualStudioVersion = 10.0.40219.1
Project("{FAE04EC0-301F-11D3-BF4B-00C04F79EFBC}") = "Pinky.MyMoney.Api", "MyMoney\Pinky.MyMoney.Api.csproj", "{863975FE-7ED7-463A-A8CB-FBB2BB52F29E}"
EndProject
Global
	GlobalSection(SolutionConfigurationPlatforms) = preSolution
		Debug|Any CPU = Debug|Any CPU
		Release|Any CPU = Release|Any CPU
	EndGlobalSection
	GlobalSection(ProjectConfigurationPlatforms) = postSolution
		{863975FE-7ED7-463A-A8CB-FBB2BB52F29E}.Debug|Any CPU.ActiveCfg = Debug|Any CPU
		{863975FE-7ED7-463A-A8CB-FBB2BB52F29E}.Debug|Any CPU.Build.0 = Debug|Any CPU
		{863975FE-7ED7-463A-A8CB-FBB2BB52F29E}.Release|Any CPU.ActiveCfg = Release|Any CPU
		{863975FE-7ED7-463A-A8CB-FBB2BB52F29E}.Release|Any CPU.Build.0 = Release|Any CPU
	EndGlobalSection
	GlobalSection(SolutionProperties) = preSolution
		HideSolutionNode = FALSE
	EndGlobalSection
	GlobalSection(ExtensibilityGlobals) = postSolution
		SolutionGuid = {C14C8A85-4906-4CCA-B009-962C7F63BCA8}
	EndGlobalSection
EndGlobal
